// !$*UTF8*$!
{
	archiveVersion = 1;
	classes = {
	};
	objectVersion = 50;
	objects = {

/* Begin PBXBuildFile section */
		35CE264B26AFBCAE000F4E84 /* AppDelegate.swift in Sources */ = {isa = PBXBuildFile; fileRef = 35CE264A26AFBCAE000F4E84 /* AppDelegate.swift */; };
		35CE264D26AFBCAE000F4E84 /* SceneDelegate.swift in Sources */ = {isa = PBXBuildFile; fileRef = 35CE264C26AFBCAE000F4E84 /* SceneDelegate.swift */; };
		35CE264F26AFBCAE000F4E84 /* StartViewController.swift in Sources */ = {isa = PBXBuildFile; fileRef = 35CE264E26AFBCAE000F4E84 /* StartViewController.swift */; };
		35CE265426AFBCB2000F4E84 /* Assets.xcassets in Resources */ = {isa = PBXBuildFile; fileRef = 35CE265326AFBCB2000F4E84 /* Assets.xcassets */; };
		35CE265726AFBCB2000F4E84 /* LaunchScreen.storyboard in Resources */ = {isa = PBXBuildFile; fileRef = 35CE265526AFBCB2000F4E84 /* LaunchScreen.storyboard */; };
		35DA30B526B2553C001BF2FA /* StartCollectionViewCell.swift in Sources */ = {isa = PBXBuildFile; fileRef = 35DA30B426B2553C001BF2FA /* StartCollectionViewCell.swift */; };
		35DA30B826B259C7001BF2FA /* DrawModel.swift in Sources */ = {isa = PBXBuildFile; fileRef = 35DA30B726B259C7001BF2FA /* DrawModel.swift */; };
		C0B8977F26B0450500771113 /* TreangleView.swift in Sources */ = {isa = PBXBuildFile; fileRef = C0B8977A26B0450500771113 /* TreangleView.swift */; };
		C0B8978026B0450500771113 /* SingletoneUI.swift in Sources */ = {isa = PBXBuildFile; fileRef = C0B8977B26B0450500771113 /* SingletoneUI.swift */; };
		C0B8978126B0450500771113 /* PaintViewController.swift in Sources */ = {isa = PBXBuildFile; fileRef = C0B8977D26B0450500771113 /* PaintViewController.swift */; };
		C0B8978226B0450500771113 /* RectView.swift in Sources */ = {isa = PBXBuildFile; fileRef = C0B8977E26B0450500771113 /* RectView.swift */; };
		C0B8978A26B0484100771113 /* CircleView.swift in Sources */ = {isa = PBXBuildFile; fileRef = C0B8978926B0484100771113 /* CircleView.swift */; };
		C0B8978D26B0495D00771113 /* OvalView.swift in Sources */ = {isa = PBXBuildFile; fileRef = C0B8978C26B0495D00771113 /* OvalView.swift */; };
/* End PBXBuildFile section */

/* Begin PBXFileReference section */
		35CE264726AFBCAE000F4E84 /* Trello for SberSchool.app */ = {isa = PBXFileReference; explicitFileType = wrapper.application; includeInIndex = 0; path = "Trello for SberSchool.app"; sourceTree = BUILT_PRODUCTS_DIR; };
		35CE264A26AFBCAE000F4E84 /* AppDelegate.swift */ = {isa = PBXFileReference; lastKnownFileType = sourcecode.swift; path = AppDelegate.swift; sourceTree = "<group>"; };
		35CE264C26AFBCAE000F4E84 /* SceneDelegate.swift */ = {isa = PBXFileReference; lastKnownFileType = sourcecode.swift; path = SceneDelegate.swift; sourceTree = "<group>"; };
		35CE264E26AFBCAE000F4E84 /* StartViewController.swift */ = {isa = PBXFileReference; lastKnownFileType = sourcecode.swift; path = StartViewController.swift; sourceTree = "<group>"; };
		35CE265326AFBCB2000F4E84 /* Assets.xcassets */ = {isa = PBXFileReference; lastKnownFileType = folder.assetcatalog; path = Assets.xcassets; sourceTree = "<group>"; };
		35CE265626AFBCB2000F4E84 /* Base */ = {isa = PBXFileReference; lastKnownFileType = file.storyboard; name = Base; path = Base.lproj/LaunchScreen.storyboard; sourceTree = "<group>"; };
		35CE265826AFBCB2000F4E84 /* Info.plist */ = {isa = PBXFileReference; lastKnownFileType = text.plist.xml; path = Info.plist; sourceTree = "<group>"; };
		35DA30B426B2553C001BF2FA /* StartCollectionViewCell.swift */ = {isa = PBXFileReference; lastKnownFileType = sourcecode.swift; path = StartCollectionViewCell.swift; sourceTree = "<group>"; };
		35DA30B726B259C7001BF2FA /* DrawModel.swift */ = {isa = PBXFileReference; lastKnownFileType = sourcecode.swift; path = DrawModel.swift; sourceTree = "<group>"; };
		C0B8977A26B0450500771113 /* TreangleView.swift */ = {isa = PBXFileReference; fileEncoding = 4; lastKnownFileType = sourcecode.swift; path = TreangleView.swift; sourceTree = "<group>"; };
		C0B8977B26B0450500771113 /* SingletoneUI.swift */ = {isa = PBXFileReference; fileEncoding = 4; lastKnownFileType = sourcecode.swift; path = SingletoneUI.swift; sourceTree = "<group>"; };
		C0B8977D26B0450500771113 /* PaintViewController.swift */ = {isa = PBXFileReference; fileEncoding = 4; lastKnownFileType = sourcecode.swift; path = PaintViewController.swift; sourceTree = "<group>"; };
		C0B8977E26B0450500771113 /* RectView.swift */ = {isa = PBXFileReference; fileEncoding = 4; lastKnownFileType = sourcecode.swift; path = RectView.swift; sourceTree = "<group>"; };
		C0B8978926B0484100771113 /* CircleView.swift */ = {isa = PBXFileReference; lastKnownFileType = sourcecode.swift; path = CircleView.swift; sourceTree = "<group>"; };
		C0B8978C26B0495D00771113 /* OvalView.swift */ = {isa = PBXFileReference; lastKnownFileType = sourcecode.swift; path = OvalView.swift; sourceTree = "<group>"; };
/* End PBXFileReference section */

/* Begin PBXFrameworksBuildPhase section */
		35CE264426AFBCAE000F4E84 /* Frameworks */ = {
			isa = PBXFrameworksBuildPhase;
			buildActionMask = 2147483647;
			files = (
			);
			runOnlyForDeploymentPostprocessing = 0;
		};
/* End PBXFrameworksBuildPhase section */

/* Begin PBXGroup section */
		355C1F1C26B43BA400909D4D /* Start Screen */ = {
			isa = PBXGroup;
			children = (
				35DA30B426B2553C001BF2FA /* StartCollectionViewCell.swift */,
				35CE264E26AFBCAE000F4E84 /* StartViewController.swift */,
			);
			path = "Start Screen";
			sourceTree = "<group>";
		};
		355C1F1D26B43BBF00909D4D /* Another Files */ = {
			isa = PBXGroup;
			children = (
				35CE264C26AFBCAE000F4E84 /* SceneDelegate.swift */,
				35CE264A26AFBCAE000F4E84 /* AppDelegate.swift */,
				35CE265526AFBCB2000F4E84 /* LaunchScreen.storyboard */,
			);
			path = "Another Files";
			sourceTree = "<group>";
		};
		35CE263E26AFBCAE000F4E84 = {
			isa = PBXGroup;
			children = (
				35CE264926AFBCAE000F4E84 /* Trello for SberSchool */,
				35CE264826AFBCAE000F4E84 /* Products */,
			);
			sourceTree = "<group>";
		};
		35CE264826AFBCAE000F4E84 /* Products */ = {
			isa = PBXGroup;
			children = (
				35CE264726AFBCAE000F4E84 /* Trello for SberSchool.app */,
			);
			name = Products;
			sourceTree = "<group>";
		};
		35CE264926AFBCAE000F4E84 /* Trello for SberSchool */ = {
			isa = PBXGroup;
			children = (
				355C1F1D26B43BBF00909D4D /* Another Files */,
				355C1F1C26B43BA400909D4D /* Start Screen */,
				C0B8977926B044BA00771113 /* Paint */,
				35CE265326AFBCB2000F4E84 /* Assets.xcassets */,
				35CE265826AFBCB2000F4E84 /* Info.plist */,
				35DA30B726B259C7001BF2FA /* DrawModel.swift */,
			);
			path = "Trello for SberSchool";
			sourceTree = "<group>";
		};
		C0B8977926B044BA00771113 /* Paint */ = {
			isa = PBXGroup;
			children = (
				C0B8977D26B0450500771113 /* PaintViewController.swift */,
				C0B8977B26B0450500771113 /* SingletoneUI.swift */,
				C0B8977C26B0450500771113 /* Shape */,
			);
			path = Paint;
			sourceTree = "<group>";
		};
		C0B8977C26B0450500771113 /* Shape */ = {
			isa = PBXGroup;
			children = (
				C0B8977E26B0450500771113 /* RectView.swift */,
				C0B8977A26B0450500771113 /* TreangleView.swift */,
				C0B8978926B0484100771113 /* CircleView.swift */,
				C0B8978C26B0495D00771113 /* OvalView.swift */,
			);
			path = Shape;
			sourceTree = "<group>";
		};
/* End PBXGroup section */

/* Begin PBXNativeTarget section */
		35CE264626AFBCAE000F4E84 /* Trello for SberSchool */ = {
			isa = PBXNativeTarget;
			buildConfigurationList = 35CE265B26AFBCB2000F4E84 /* Build configuration list for PBXNativeTarget "Trello for SberSchool" */;
			buildPhases = (
				35CE264326AFBCAE000F4E84 /* Sources */,
				35CE264426AFBCAE000F4E84 /* Frameworks */,
				35CE264526AFBCAE000F4E84 /* Resources */,
			);
			buildRules = (
			);
			dependencies = (
			);
			name = "Trello for SberSchool";
			productName = "Trello for SberSchool";
			productReference = 35CE264726AFBCAE000F4E84 /* Trello for SberSchool.app */;
			productType = "com.apple.product-type.application";
		};
/* End PBXNativeTarget section */

/* Begin PBXProject section */
		35CE263F26AFBCAE000F4E84 /* Project object */ = {
			isa = PBXProject;
			attributes = {
				LastSwiftUpdateCheck = 1240;
				LastUpgradeCheck = 1240;
				TargetAttributes = {
					35CE264626AFBCAE000F4E84 = {
						CreatedOnToolsVersion = 12.4;
					};
				};
			};
			buildConfigurationList = 35CE264226AFBCAE000F4E84 /* Build configuration list for PBXProject "Trello for SberSchool" */;
			compatibilityVersion = "Xcode 9.3";
			developmentRegion = en;
			hasScannedForEncodings = 0;
			knownRegions = (
				en,
				Base,
			);
			mainGroup = 35CE263E26AFBCAE000F4E84;
			productRefGroup = 35CE264826AFBCAE000F4E84 /* Products */;
			projectDirPath = "";
			projectRoot = "";
			targets = (
				35CE264626AFBCAE000F4E84 /* Trello for SberSchool */,
			);
		};
/* End PBXProject section */

/* Begin PBXResourcesBuildPhase section */
		35CE264526AFBCAE000F4E84 /* Resources */ = {
			isa = PBXResourcesBuildPhase;
			buildActionMask = 2147483647;
			files = (
				35CE265726AFBCB2000F4E84 /* LaunchScreen.storyboard in Resources */,
				35CE265426AFBCB2000F4E84 /* Assets.xcassets in Resources */,
			);
			runOnlyForDeploymentPostprocessing = 0;
		};
/* End PBXResourcesBuildPhase section */

/* Begin PBXSourcesBuildPhase section */
		35CE264326AFBCAE000F4E84 /* Sources */ = {
			isa = PBXSourcesBuildPhase;
			buildActionMask = 2147483647;
			files = (
				C0B8978A26B0484100771113 /* CircleView.swift in Sources */,
				35CE264F26AFBCAE000F4E84 /* StartViewController.swift in Sources */,
				C0B8978D26B0495D00771113 /* OvalView.swift in Sources */,
				35DA30B526B2553C001BF2FA /* StartCollectionViewCell.swift in Sources */,
				C0B8978126B0450500771113 /* PaintViewController.swift in Sources */,
				C0B8978226B0450500771113 /* RectView.swift in Sources */,
				35CE264B26AFBCAE000F4E84 /* AppDelegate.swift in Sources */,
				C0B8977F26B0450500771113 /* TreangleView.swift in Sources */,
				C0B8978026B0450500771113 /* SingletoneUI.swift in Sources */,
				35DA30B826B259C7001BF2FA /* DrawModel.swift in Sources */,
				35CE264D26AFBCAE000F4E84 /* SceneDelegate.swift in Sources */,
			);
			runOnlyForDeploymentPostprocessing = 0;
		};
/* End PBXSourcesBuildPhase section */

/* Begin PBXVariantGroup section */
		35CE265526AFBCB2000F4E84 /* LaunchScreen.storyboard */ = {
			isa = PBXVariantGroup;
			children = (
				35CE265626AFBCB2000F4E84 /* Base */,
			);
			name = LaunchScreen.storyboard;
			sourceTree = "<group>";
		};
/* End PBXVariantGroup section */

/* Begin XCBuildConfiguration section */
		35CE265926AFBCB2000F4E84 /* Debug */ = {
			isa = XCBuildConfiguration;
			buildSettings = {
				ALWAYS_SEARCH_USER_PATHS = NO;
				CLANG_ANALYZER_NONNULL = YES;
				CLANG_ANALYZER_NUMBER_OBJECT_CONVERSION = YES_AGGRESSIVE;
				CLANG_CXX_LANGUAGE_STANDARD = "gnu++14";
				CLANG_CXX_LIBRARY = "libc++";
				CLANG_ENABLE_MODULES = YES;
				CLANG_ENABLE_OBJC_ARC = YES;
				CLANG_ENABLE_OBJC_WEAK = YES;
				CLANG_WARN_BLOCK_CAPTURE_AUTORELEASING = YES;
				CLANG_WARN_BOOL_CONVERSION = YES;
				CLANG_WARN_COMMA = YES;
				CLANG_WARN_CONSTANT_CONVERSION = YES;
				CLANG_WARN_DEPRECATED_OBJC_IMPLEMENTATIONS = YES;
				CLANG_WARN_DIRECT_OBJC_ISA_USAGE = YES_ERROR;
				CLANG_WARN_DOCUMENTATION_COMMENTS = YES;
				CLANG_WARN_EMPTY_BODY = YES;
				CLANG_WARN_ENUM_CONVERSION = YES;
				CLANG_WARN_INFINITE_RECURSION = YES;
				CLANG_WARN_INT_CONVERSION = YES;
				CLANG_WARN_NON_LITERAL_NULL_CONVERSION = YES;
				CLANG_WARN_OBJC_IMPLICIT_RETAIN_SELF = YES;
				CLANG_WARN_OBJC_LITERAL_CONVERSION = YES;
				CLANG_WARN_OBJC_ROOT_CLASS = YES_ERROR;
				CLANG_WARN_QUOTED_INCLUDE_IN_FRAMEWORK_HEADER = YES;
				CLANG_WARN_RANGE_LOOP_ANALYSIS = YES;
				CLANG_WARN_STRICT_PROTOTYPES = YES;
				CLANG_WARN_SUSPICIOUS_MOVE = YES;
				CLANG_WARN_UNGUARDED_AVAILABILITY = YES_AGGRESSIVE;
				CLANG_WARN_UNREACHABLE_CODE = YES;
				CLANG_WARN__DUPLICATE_METHOD_MATCH = YES;
				COPY_PHASE_STRIP = NO;
				DEBUG_INFORMATION_FORMAT = dwarf;
				ENABLE_STRICT_OBJC_MSGSEND = YES;
				ENABLE_TESTABILITY = YES;
				GCC_C_LANGUAGE_STANDARD = gnu11;
				GCC_DYNAMIC_NO_PIC = NO;
				GCC_NO_COMMON_BLOCKS = YES;
				GCC_OPTIMIZATION_LEVEL = 0;
				GCC_PREPROCESSOR_DEFINITIONS = (
					"DEBUG=1",
					"$(inherited)",
				);
				GCC_WARN_64_TO_32_BIT_CONVERSION = YES;
				GCC_WARN_ABOUT_RETURN_TYPE = YES_ERROR;
				GCC_WARN_UNDECLARED_SELECTOR = YES;
				GCC_WARN_UNINITIALIZED_AUTOS = YES_AGGRESSIVE;
				GCC_WARN_UNUSED_FUNCTION = YES;
				GCC_WARN_UNUSED_VARIABLE = YES;
				IPHONEOS_DEPLOYMENT_TARGET = 14.4;
				MTL_ENABLE_DEBUG_INFO = INCLUDE_SOURCE;
				MTL_FAST_MATH = YES;
				ONLY_ACTIVE_ARCH = YES;
				SDKROOT = iphoneos;
				SWIFT_ACTIVE_COMPILATION_CONDITIONS = DEBUG;
				SWIFT_OPTIMIZATION_LEVEL = "-Onone";
			};
			name = Debug;
		};
		35CE265A26AFBCB2000F4E84 /* Release */ = {
			isa = XCBuildConfiguration;
			buildSettings = {
				ALWAYS_SEARCH_USER_PATHS = NO;
				CLANG_ANALYZER_NONNULL = YES;
				CLANG_ANALYZER_NUMBER_OBJECT_CONVERSION = YES_AGGRESSIVE;
				CLANG_CXX_LANGUAGE_STANDARD = "gnu++14";
				CLANG_CXX_LIBRARY = "libc++";
				CLANG_ENABLE_MODULES = YES;
				CLANG_ENABLE_OBJC_ARC = YES;
				CLANG_ENABLE_OBJC_WEAK = YES;
				CLANG_WARN_BLOCK_CAPTURE_AUTORELEASING = YES;
				CLANG_WARN_BOOL_CONVERSION = YES;
				CLANG_WARN_COMMA = YES;
				CLANG_WARN_CONSTANT_CONVERSION = YES;
				CLANG_WARN_DEPRECATED_OBJC_IMPLEMENTATIONS = YES;
				CLANG_WARN_DIRECT_OBJC_ISA_USAGE = YES_ERROR;
				CLANG_WARN_DOCUMENTATION_COMMENTS = YES;
				CLANG_WARN_EMPTY_BODY = YES;
				CLANG_WARN_ENUM_CONVERSION = YES;
				CLANG_WARN_INFINITE_RECURSION = YES;
				CLANG_WARN_INT_CONVERSION = YES;
				CLANG_WARN_NON_LITERAL_NULL_CONVERSION = YES;
				CLANG_WARN_OBJC_IMPLICIT_RETAIN_SELF = YES;
				CLANG_WARN_OBJC_LITERAL_CONVERSION = YES;
				CLANG_WARN_OBJC_ROOT_CLASS = YES_ERROR;
				CLANG_WARN_QUOTED_INCLUDE_IN_FRAMEWORK_HEADER = YES;
				CLANG_WARN_RANGE_LOOP_ANALYSIS = YES;
				CLANG_WARN_STRICT_PROTOTYPES = YES;
				CLANG_WARN_SUSPICIOUS_MOVE = YES;
				CLANG_WARN_UNGUARDED_AVAILABILITY = YES_AGGRESSIVE;
				CLANG_WARN_UNREACHABLE_CODE = YES;
				CLANG_WARN__DUPLICATE_METHOD_MATCH = YES;
				COPY_PHASE_STRIP = NO;
				DEBUG_INFORMATION_FORMAT = "dwarf-with-dsym";
				ENABLE_NS_ASSERTIONS = NO;
				ENABLE_STRICT_OBJC_MSGSEND = YES;
				GCC_C_LANGUAGE_STANDARD = gnu11;
				GCC_NO_COMMON_BLOCKS = YES;
				GCC_WARN_64_TO_32_BIT_CONVERSION = YES;
				GCC_WARN_ABOUT_RETURN_TYPE = YES_ERROR;
				GCC_WARN_UNDECLARED_SELECTOR = YES;
				GCC_WARN_UNINITIALIZED_AUTOS = YES_AGGRESSIVE;
				GCC_WARN_UNUSED_FUNCTION = YES;
				GCC_WARN_UNUSED_VARIABLE = YES;
				IPHONEOS_DEPLOYMENT_TARGET = 14.4;
				MTL_ENABLE_DEBUG_INFO = NO;
				MTL_FAST_MATH = YES;
				SDKROOT = iphoneos;
				SWIFT_COMPILATION_MODE = wholemodule;
				SWIFT_OPTIMIZATION_LEVEL = "-O";
				VALIDATE_PRODUCT = YES;
			};
			name = Release;
		};
		35CE265C26AFBCB2000F4E84 /* Debug */ = {
			isa = XCBuildConfiguration;
			buildSettings = {
				ASSETCATALOG_COMPILER_APPICON_NAME = AppIcon;
				ASSETCATALOG_COMPILER_GLOBAL_ACCENT_COLOR_NAME = AccentColor;
				CODE_SIGN_STYLE = Automatic;
				DEVELOPMENT_TEAM = QZA5Q28CH8;
				INFOPLIST_FILE = "Trello for SberSchool/Info.plist";
				IPHONEOS_DEPLOYMENT_TARGET = 13.0;
				LD_RUNPATH_SEARCH_PATHS = (
					"$(inherited)",
					"@executable_path/Frameworks",
				);
				PRODUCT_BUNDLE_IDENTIFIER = "Sber-Project.Trello-for-SberSchool";
				PRODUCT_NAME = "$(TARGET_NAME)";
				SWIFT_VERSION = 5.0;
				TARGETED_DEVICE_FAMILY = 1;
			};
			name = Debug;
		};
		35CE265D26AFBCB2000F4E84 /* Release */ = {
			isa = XCBuildConfiguration;
			buildSettings = {
				ASSETCATALOG_COMPILER_APPICON_NAME = AppIcon;
				ASSETCATALOG_COMPILER_GLOBAL_ACCENT_COLOR_NAME = AccentColor;
				CODE_SIGN_STYLE = Automatic;
				DEVELOPMENT_TEAM = QZA5Q28CH8;
				INFOPLIST_FILE = "Trello for SberSchool/Info.plist";
				IPHONEOS_DEPLOYMENT_TARGET = 13.0;
				LD_RUNPATH_SEARCH_PATHS = (
					"$(inherited)",
					"@executable_path/Frameworks",
				);
				PRODUCT_BUNDLE_IDENTIFIER = "Sber-Project.Trello-for-SberSchool";
				PRODUCT_NAME = "$(TARGET_NAME)";
				SWIFT_VERSION = 5.0;
				TARGETED_DEVICE_FAMILY = 1;
			};
			name = Release;
		};
/* End XCBuildConfiguration section */

/* Begin XCConfigurationList section */
		35CE264226AFBCAE000F4E84 /* Build configuration list for PBXProject "Trello for SberSchool" */ = {
			isa = XCConfigurationList;
			buildConfigurations = (
				35CE265926AFBCB2000F4E84 /* Debug */,
				35CE265A26AFBCB2000F4E84 /* Release */,
			);
			defaultConfigurationIsVisible = 0;
			defaultConfigurationName = Release;
		};
		35CE265B26AFBCB2000F4E84 /* Build configuration list for PBXNativeTarget "Trello for SberSchool" */ = {
			isa = XCConfigurationList;
			buildConfigurations = (
				35CE265C26AFBCB2000F4E84 /* Debug */,
				35CE265D26AFBCB2000F4E84 /* Release */,
			);
			defaultConfigurationIsVisible = 0;
			defaultConfigurationName = Release;
		};
/* End XCConfigurationList section */
	};
	rootObject = 35CE263F26AFBCAE000F4E84 /* Project object */;
}
